// !$*UTF8*$!
{
	archiveVersion = 1;
	classes = {
	};
	objectVersion = 46;
	objects = {

/* Begin PBXBuildFile section */
		BB1B406B1E428B8300DF4E57 /* Dotzu.framework in Frameworks */ = {isa = PBXBuildFile; fileRef = BB1B40611E428B8300DF4E57 /* Dotzu.framework */; };
		BB1B40701E428B8300DF4E57 /* DotzuTests.swift in Sources */ = {isa = PBXBuildFile; fileRef = BB1B406F1E428B8300DF4E57 /* DotzuTests.swift */; };
		BB1B40721E428B8300DF4E57 /* Dotzu.h in Headers */ = {isa = PBXBuildFile; fileRef = BB1B40641E428B8300DF4E57 /* Dotzu.h */; settings = {ATTRIBUTES = (Public, ); }; };
		BB1B40BA1E429B6200DF4E57 /* ApplicationInformation.swift in Sources */ = {isa = PBXBuildFile; fileRef = BB1B407D1E429B6100DF4E57 /* ApplicationInformation.swift */; };
		BB1B40BB1E429B6200DF4E57 /* Assets.xcassets in Resources */ = {isa = PBXBuildFile; fileRef = BB1B407E1E429B6100DF4E57 /* Assets.xcassets */; };
		BB1B40BC1E429B6200DF4E57 /* Color.swift in Sources */ = {isa = PBXBuildFile; fileRef = BB1B407F1E429B6100DF4E57 /* Color.swift */; };
		BB1B40BD1E429B6200DF4E57 /* ContainerFilterViewController.swift in Sources */ = {isa = PBXBuildFile; fileRef = BB1B40801E429B6100DF4E57 /* ContainerFilterViewController.swift */; };
		BB1B40BE1E429B6200DF4E57 /* CrashListTableViewCell.swift in Sources */ = {isa = PBXBuildFile; fileRef = BB1B40811E429B6100DF4E57 /* CrashListTableViewCell.swift */; };
		BB1B40BF1E429B6200DF4E57 /* CrashListTableViewCell.xib in Resources */ = {isa = PBXBuildFile; fileRef = BB1B40821E429B6100DF4E57 /* CrashListTableViewCell.xib */; };
		BB1B40C01E429B6200DF4E57 /* DetailCrashTableViewController.swift in Sources */ = {isa = PBXBuildFile; fileRef = BB1B40831E429B6100DF4E57 /* DetailCrashTableViewController.swift */; };
		BB1B40C11E429B6200DF4E57 /* DetailRequestViewController.swift in Sources */ = {isa = PBXBuildFile; fileRef = BB1B40841E429B6100DF4E57 /* DetailRequestViewController.swift */; };
		BB1B40C21E429B6200DF4E57 /* DetailResponseBodyViewController.swift in Sources */ = {isa = PBXBuildFile; fileRef = BB1B40851E429B6100DF4E57 /* DetailResponseBodyViewController.swift */; };
		BB1B40C31E429B6200DF4E57 /* Device.swift in Sources */ = {isa = PBXBuildFile; fileRef = BB1B40861E429B6100DF4E57 /* Device.swift */; };
		BB1B40C41E429B6200DF4E57 /* DeviceModel.swift in Sources */ = {isa = PBXBuildFile; fileRef = BB1B40871E429B6100DF4E57 /* DeviceModel.swift */; };
		BB1B40C51E429B6200DF4E57 /* FilterLogTableViewController.swift in Sources */ = {isa = PBXBuildFile; fileRef = BB1B40881E429B6100DF4E57 /* FilterLogTableViewController.swift */; };
		BB1B40C61E429B6200DF4E57 /* FilterNetworkTableViewController.swift in Sources */ = {isa = PBXBuildFile; fileRef = BB1B40891E429B6100DF4E57 /* FilterNetworkTableViewController.swift */; };
		BB1B40C71E429B6200DF4E57 /* FilterViewControllerProtocol.swift in Sources */ = {isa = PBXBuildFile; fileRef = BB1B408A1E429B6100DF4E57 /* FilterViewControllerProtocol.swift */; };
		BB1B40C81E429B6200DF4E57 /* InformationsTableViewController.swift in Sources */ = {isa = PBXBuildFile; fileRef = BB1B408B1E429B6100DF4E57 /* InformationsTableViewController.swift */; };
		BB1B40C91E429B6200DF4E57 /* ListCrashesViewController.swift in Sources */ = {isa = PBXBuildFile; fileRef = BB1B408C1E429B6100DF4E57 /* ListCrashesViewController.swift */; };
		BB1B40CA1E429B6200DF4E57 /* ListLogViewModel.swift in Sources */ = {isa = PBXBuildFile; fileRef = BB1B408D1E429B6100DF4E57 /* ListLogViewModel.swift */; };
		BB1B40CB1E429B6200DF4E57 /* Log.swift in Sources */ = {isa = PBXBuildFile; fileRef = BB1B408E1E429B6100DF4E57 /* Log.swift */; };
		BB1B40CC1E429B6200DF4E57 /* LogBadgeView.swift in Sources */ = {isa = PBXBuildFile; fileRef = BB1B408F1E429B6100DF4E57 /* LogBadgeView.swift */; };
		BB1B40CD1E429B6200DF4E57 /* LogCellProtocol.swift in Sources */ = {isa = PBXBuildFile; fileRef = BB1B40901E429B6100DF4E57 /* LogCellProtocol.swift */; };
		BB1B40CE1E429B6200DF4E57 /* LogCode.swift in Sources */ = {isa = PBXBuildFile; fileRef = BB1B40911E429B6100DF4E57 /* LogCode.swift */; };
		BB1B40CF1E429B6200DF4E57 /* LogCodeFilter.swift in Sources */ = {isa = PBXBuildFile; fileRef = BB1B40921E429B6100DF4E57 /* LogCodeFilter.swift */; };
		BB1B40D01E429B6200DF4E57 /* LogCrash.swift in Sources */ = {isa = PBXBuildFile; fileRef = BB1B40931E429B6100DF4E57 /* LogCrash.swift */; };
		BB1B40D11E429B6200DF4E57 /* Logger.swift in Sources */ = {isa = PBXBuildFile; fileRef = BB1B40941E429B6100DF4E57 /* Logger.swift */; };
		BB1B40D21E429B6200DF4E57 /* LoggerCrash.swift in Sources */ = {isa = PBXBuildFile; fileRef = BB1B40951E429B6100DF4E57 /* LoggerCrash.swift */; };
		BB1B40D31E429B6200DF4E57 /* LoggerFormat.swift in Sources */ = {isa = PBXBuildFile; fileRef = BB1B40961E429B6100DF4E57 /* LoggerFormat.swift */; };
		BB1B40D41E429B6200DF4E57 /* LoggerNetwork.swift in Sources */ = {isa = PBXBuildFile; fileRef = BB1B40971E429B6100DF4E57 /* LoggerNetwork.swift */; };
		BB1B40D51E429B6200DF4E57 /* LogHeadView.swift in Sources */ = {isa = PBXBuildFile; fileRef = BB1B40981E429B6100DF4E57 /* LogHeadView.swift */; };
		BB1B40D61E429B6200DF4E57 /* LogLevel.swift in Sources */ = {isa = PBXBuildFile; fileRef = BB1B40991E429B6100DF4E57 /* LogLevel.swift */; };
		BB1B40D71E429B6200DF4E57 /* LogLevelFilter.swift in Sources */ = {isa = PBXBuildFile; fileRef = BB1B409A1E429B6100DF4E57 /* LogLevelFilter.swift */; };
		BB1B40D81E429B6200DF4E57 /* StoreManager.swift in Sources */ = {isa = PBXBuildFile; fileRef = BB1B409B1E429B6100DF4E57 /* StoreManager.swift */; };
		BB1B40D91E429B6200DF4E57 /* LogNavigationViewController.swift in Sources */ = {isa = PBXBuildFile; fileRef = BB1B409C1E429B6100DF4E57 /* LogNavigationViewController.swift */; };
		BB1B40DA1E429B6200DF4E57 /* LogNetworkTableViewCell.swift in Sources */ = {isa = PBXBuildFile; fileRef = BB1B409D1E429B6100DF4E57 /* LogNetworkTableViewCell.swift */; };
		BB1B40DB1E429B6200DF4E57 /* LogNetworkTableViewCell.xib in Resources */ = {isa = PBXBuildFile; fileRef = BB1B409E1E429B6100DF4E57 /* LogNetworkTableViewCell.xib */; };
		BB1B40DC1E429B6200DF4E57 /* LogNotification.swift in Sources */ = {isa = PBXBuildFile; fileRef = BB1B409F1E429B6100DF4E57 /* LogNotification.swift */; };
		BB1B40DD1E429B6200DF4E57 /* LogProtocol.swift in Sources */ = {isa = PBXBuildFile; fileRef = BB1B40A01E429B6100DF4E57 /* LogProtocol.swift */; };
		BB1B40DE1E429B6200DF4E57 /* LogRequest.swift in Sources */ = {isa = PBXBuildFile; fileRef = BB1B40A11E429B6100DF4E57 /* LogRequest.swift */; };
		BB1B40DF1E429B6200DF4E57 /* LogResponseBodyViewModel.swift in Sources */ = {isa = PBXBuildFile; fileRef = BB1B40A21E429B6200DF4E57 /* LogResponseBodyViewModel.swift */; };
		BB1B40E01E429B6200DF4E57 /* LogsSettings.swift in Sources */ = {isa = PBXBuildFile; fileRef = BB1B40A31E429B6200DF4E57 /* LogsSettings.swift */; };
		BB1B40E11E429B6200DF4E57 /* LogTabBarViewController.swift in Sources */ = {isa = PBXBuildFile; fileRef = BB1B40A41E429B6200DF4E57 /* LogTabBarViewController.swift */; };
		BB1B40E21E429B6200DF4E57 /* LogTableViewCell.swift in Sources */ = {isa = PBXBuildFile; fileRef = BB1B40A51E429B6200DF4E57 /* LogTableViewCell.swift */; };
		BB1B40E31E429B6200DF4E57 /* LogTableViewCell.xib in Resources */ = {isa = PBXBuildFile; fileRef = BB1B40A61E429B6200DF4E57 /* LogTableViewCell.xib */; };
		BB1B40E41E429B6200DF4E57 /* LogViewNotification.swift in Sources */ = {isa = PBXBuildFile; fileRef = BB1B40A71E429B6200DF4E57 /* LogViewNotification.swift */; };
		BB1B40E51E429B6200DF4E57 /* Manager.storyboard in Resources */ = {isa = PBXBuildFile; fileRef = BB1B40A81E429B6200DF4E57 /* Manager.storyboard */; };
		BB1B40E61E429B6200DF4E57 /* DotzuManager.swift in Sources */ = {isa = PBXBuildFile; fileRef = BB1B40A91E429B6200DF4E57 /* DotzuManager.swift */; };
		BB1B40E71E429B6200DF4E57 /* ManagerListLogState.swift in Sources */ = {isa = PBXBuildFile; fileRef = BB1B40AA1E429B6200DF4E57 /* ManagerListLogState.swift */; };
		BB1B40E81E429B6200DF4E57 /* ManagerListLogViewController.swift in Sources */ = {isa = PBXBuildFile; fileRef = BB1B40AB1E429B6200DF4E57 /* ManagerListLogViewController.swift */; };
		BB1B40E91E429B6200DF4E57 /* ManagerViewController.swift in Sources */ = {isa = PBXBuildFile; fileRef = BB1B40AC1E429B6200DF4E57 /* ManagerViewController.swift */; };
		BB1B40EA1E429B6200DF4E57 /* ManagerWindow.swift in Sources */ = {isa = PBXBuildFile; fileRef = BB1B40AD1E429B6200DF4E57 /* ManagerWindow.swift */; };
		BB1B40EC1E429B6200DF4E57 /* NotificationCenter.swift in Sources */ = {isa = PBXBuildFile; fileRef = BB1B40AF1E429B6200DF4E57 /* NotificationCenter.swift */; };
		BB1B40ED1E429B6200DF4E57 /* RequestErrorTableViewCell.swift in Sources */ = {isa = PBXBuildFile; fileRef = BB1B40B01E429B6200DF4E57 /* RequestErrorTableViewCell.swift */; };
		BB1B40EE1E429B6200DF4E57 /* RequestErrorTableViewCell.xib in Resources */ = {isa = PBXBuildFile; fileRef = BB1B40B11E429B6200DF4E57 /* RequestErrorTableViewCell.xib */; };
		BB1B40EF1E429B6200DF4E57 /* RequestHeadersTableViewCell.swift in Sources */ = {isa = PBXBuildFile; fileRef = BB1B40B21E429B6200DF4E57 /* RequestHeadersTableViewCell.swift */; };
		BB1B40F01E429B6200DF4E57 /* RequestHeadersTableViewCell.xib in Resources */ = {isa = PBXBuildFile; fileRef = BB1B40B31E429B6200DF4E57 /* RequestHeadersTableViewCell.xib */; };
		BB1B40F11E429B6200DF4E57 /* ResponseDataTableViewCell.swift in Sources */ = {isa = PBXBuildFile; fileRef = BB1B40B41E429B6200DF4E57 /* ResponseDataTableViewCell.swift */; };
		BB1B40F21E429B6200DF4E57 /* ResponseDataTableViewCell.xib in Resources */ = {isa = PBXBuildFile; fileRef = BB1B40B51E429B6200DF4E57 /* ResponseDataTableViewCell.xib */; };
		BB1B40F31E429B6200DF4E57 /* SettingsTableViewController.swift in Sources */ = {isa = PBXBuildFile; fileRef = BB1B40B61E429B6200DF4E57 /* SettingsTableViewController.swift */; };
		BB1B40F41E429B6200DF4E57 /* UITableViewCellExtensions.swift in Sources */ = {isa = PBXBuildFile; fileRef = BB1B40B71E429B6200DF4E57 /* UITableViewCellExtensions.swift */; };
		BB1B40F51E429B6200DF4E57 /* UITableViewExtensions.swift in Sources */ = {isa = PBXBuildFile; fileRef = BB1B40B81E429B6200DF4E57 /* UITableViewExtensions.swift */; };
		BB1B40F61E429B6200DF4E57 /* UserDefaultsExtensions.swift in Sources */ = {isa = PBXBuildFile; fileRef = BB1B40B91E429B6200DF4E57 /* UserDefaultsExtensions.swift */; };
		BB1B41251E429E8600DF4E57 /* Logs.storyboard in Resources */ = {isa = PBXBuildFile; fileRef = BB1B41241E429E8600DF4E57 /* Logs.storyboard */; };
		BB1B41271E429F2000DF4E57 /* Application.storyboard in Resources */ = {isa = PBXBuildFile; fileRef = BB1B41261E429F2000DF4E57 /* Application.storyboard */; };
		BB1B41291E429F4E00DF4E57 /* Settings.storyboard in Resources */ = {isa = PBXBuildFile; fileRef = BB1B41281E429F4E00DF4E57 /* Settings.storyboard */; };
		BB2040711E4E5A9E0022E8D6 /* RequestDataHttpBodyTableViewCell.swift in Sources */ = {isa = PBXBuildFile; fileRef = BB20406F1E4E5A9E0022E8D6 /* RequestDataHttpBodyTableViewCell.swift */; };
		BB2040721E4E5A9E0022E8D6 /* RequestDataHttpBodyTableViewCell.xib in Resources */ = {isa = PBXBuildFile; fileRef = BB2040701E4E5A9E0022E8D6 /* RequestDataHttpBodyTableViewCell.xib */; };
		BB67A0AE1E4B2914008EABE9 /* RequestLatencyTableViewCell.swift in Sources */ = {isa = PBXBuildFile; fileRef = BB67A0AC1E4B2914008EABE9 /* RequestLatencyTableViewCell.swift */; };
		BB67A0AF1E4B2914008EABE9 /* RequestLatencyTableViewCell.xib in Resources */ = {isa = PBXBuildFile; fileRef = BB67A0AD1E4B2914008EABE9 /* RequestLatencyTableViewCell.xib */; };
/* End PBXBuildFile section */

/* Begin PBXContainerItemProxy section */
		BB1B406C1E428B8300DF4E57 /* PBXContainerItemProxy */ = {
			isa = PBXContainerItemProxy;
			containerPortal = BB1B40581E428B8300DF4E57 /* Project object */;
			proxyType = 1;
			remoteGlobalIDString = BB1B40601E428B8300DF4E57;
			remoteInfo = Dotzu;
		};
/* End PBXContainerItemProxy section */

/* Begin PBXFileReference section */
		BB1B40611E428B8300DF4E57 /* Dotzu.framework */ = {isa = PBXFileReference; explicitFileType = wrapper.framework; includeInIndex = 0; path = Dotzu.framework; sourceTree = BUILT_PRODUCTS_DIR; };
		BB1B40641E428B8300DF4E57 /* Dotzu.h */ = {isa = PBXFileReference; lastKnownFileType = sourcecode.c.h; path = Dotzu.h; sourceTree = "<group>"; };
		BB1B40651E428B8300DF4E57 /* Info.plist */ = {isa = PBXFileReference; lastKnownFileType = text.plist.xml; path = Info.plist; sourceTree = "<group>"; };
		BB1B406A1E428B8300DF4E57 /* DotzuTests.xctest */ = {isa = PBXFileReference; explicitFileType = wrapper.cfbundle; includeInIndex = 0; path = DotzuTests.xctest; sourceTree = BUILT_PRODUCTS_DIR; };
		BB1B406F1E428B8300DF4E57 /* DotzuTests.swift */ = {isa = PBXFileReference; lastKnownFileType = sourcecode.swift; path = DotzuTests.swift; sourceTree = "<group>"; };
		BB1B40711E428B8300DF4E57 /* Info.plist */ = {isa = PBXFileReference; lastKnownFileType = text.plist.xml; path = Info.plist; sourceTree = "<group>"; };
		BB1B407D1E429B6100DF4E57 /* ApplicationInformation.swift */ = {isa = PBXFileReference; fileEncoding = 4; lastKnownFileType = sourcecode.swift; path = ApplicationInformation.swift; sourceTree = "<group>"; };
		BB1B407E1E429B6100DF4E57 /* Assets.xcassets */ = {isa = PBXFileReference; lastKnownFileType = folder.assetcatalog; path = Assets.xcassets; sourceTree = "<group>"; };
		BB1B407F1E429B6100DF4E57 /* Color.swift */ = {isa = PBXFileReference; fileEncoding = 4; lastKnownFileType = sourcecode.swift; path = Color.swift; sourceTree = "<group>"; };
		BB1B40801E429B6100DF4E57 /* ContainerFilterViewController.swift */ = {isa = PBXFileReference; fileEncoding = 4; lastKnownFileType = sourcecode.swift; path = ContainerFilterViewController.swift; sourceTree = "<group>"; };
		BB1B40811E429B6100DF4E57 /* CrashListTableViewCell.swift */ = {isa = PBXFileReference; fileEncoding = 4; lastKnownFileType = sourcecode.swift; path = CrashListTableViewCell.swift; sourceTree = "<group>"; };
		BB1B40821E429B6100DF4E57 /* CrashListTableViewCell.xib */ = {isa = PBXFileReference; fileEncoding = 4; lastKnownFileType = file.xib; path = CrashListTableViewCell.xib; sourceTree = "<group>"; };
		BB1B40831E429B6100DF4E57 /* DetailCrashTableViewController.swift */ = {isa = PBXFileReference; fileEncoding = 4; lastKnownFileType = sourcecode.swift; path = DetailCrashTableViewController.swift; sourceTree = "<group>"; };
		BB1B40841E429B6100DF4E57 /* DetailRequestViewController.swift */ = {isa = PBXFileReference; fileEncoding = 4; lastKnownFileType = sourcecode.swift; path = DetailRequestViewController.swift; sourceTree = "<group>"; };
		BB1B40851E429B6100DF4E57 /* DetailResponseBodyViewController.swift */ = {isa = PBXFileReference; fileEncoding = 4; lastKnownFileType = sourcecode.swift; path = DetailResponseBodyViewController.swift; sourceTree = "<group>"; };
		BB1B40861E429B6100DF4E57 /* Device.swift */ = {isa = PBXFileReference; fileEncoding = 4; lastKnownFileType = sourcecode.swift; path = Device.swift; sourceTree = "<group>"; };
		BB1B40871E429B6100DF4E57 /* DeviceModel.swift */ = {isa = PBXFileReference; fileEncoding = 4; lastKnownFileType = sourcecode.swift; path = DeviceModel.swift; sourceTree = "<group>"; };
		BB1B40881E429B6100DF4E57 /* FilterLogTableViewController.swift */ = {isa = PBXFileReference; fileEncoding = 4; lastKnownFileType = sourcecode.swift; path = FilterLogTableViewController.swift; sourceTree = "<group>"; };
		BB1B40891E429B6100DF4E57 /* FilterNetworkTableViewController.swift */ = {isa = PBXFileReference; fileEncoding = 4; lastKnownFileType = sourcecode.swift; path = FilterNetworkTableViewController.swift; sourceTree = "<group>"; };
		BB1B408A1E429B6100DF4E57 /* FilterViewControllerProtocol.swift */ = {isa = PBXFileReference; fileEncoding = 4; lastKnownFileType = sourcecode.swift; path = FilterViewControllerProtocol.swift; sourceTree = "<group>"; };
		BB1B408B1E429B6100DF4E57 /* InformationsTableViewController.swift */ = {isa = PBXFileReference; fileEncoding = 4; lastKnownFileType = sourcecode.swift; path = InformationsTableViewController.swift; sourceTree = "<group>"; };
		BB1B408C1E429B6100DF4E57 /* ListCrashesViewController.swift */ = {isa = PBXFileReference; fileEncoding = 4; lastKnownFileType = sourcecode.swift; path = ListCrashesViewController.swift; sourceTree = "<group>"; };
		BB1B408D1E429B6100DF4E57 /* ListLogViewModel.swift */ = {isa = PBXFileReference; fileEncoding = 4; lastKnownFileType = sourcecode.swift; path = ListLogViewModel.swift; sourceTree = "<group>"; };
		BB1B408E1E429B6100DF4E57 /* Log.swift */ = {isa = PBXFileReference; fileEncoding = 4; lastKnownFileType = sourcecode.swift; path = Log.swift; sourceTree = "<group>"; };
		BB1B408F1E429B6100DF4E57 /* LogBadgeView.swift */ = {isa = PBXFileReference; fileEncoding = 4; lastKnownFileType = sourcecode.swift; path = LogBadgeView.swift; sourceTree = "<group>"; };
		BB1B40901E429B6100DF4E57 /* LogCellProtocol.swift */ = {isa = PBXFileReference; fileEncoding = 4; lastKnownFileType = sourcecode.swift; path = LogCellProtocol.swift; sourceTree = "<group>"; };
		BB1B40911E429B6100DF4E57 /* LogCode.swift */ = {isa = PBXFileReference; fileEncoding = 4; lastKnownFileType = sourcecode.swift; path = LogCode.swift; sourceTree = "<group>"; };
		BB1B40921E429B6100DF4E57 /* LogCodeFilter.swift */ = {isa = PBXFileReference; fileEncoding = 4; lastKnownFileType = sourcecode.swift; path = LogCodeFilter.swift; sourceTree = "<group>"; };
		BB1B40931E429B6100DF4E57 /* LogCrash.swift */ = {isa = PBXFileReference; fileEncoding = 4; lastKnownFileType = sourcecode.swift; path = LogCrash.swift; sourceTree = "<group>"; };
		BB1B40941E429B6100DF4E57 /* Logger.swift */ = {isa = PBXFileReference; fileEncoding = 4; lastKnownFileType = sourcecode.swift; path = Logger.swift; sourceTree = "<group>"; };
		BB1B40951E429B6100DF4E57 /* LoggerCrash.swift */ = {isa = PBXFileReference; fileEncoding = 4; lastKnownFileType = sourcecode.swift; path = LoggerCrash.swift; sourceTree = "<group>"; };
		BB1B40961E429B6100DF4E57 /* LoggerFormat.swift */ = {isa = PBXFileReference; fileEncoding = 4; lastKnownFileType = sourcecode.swift; path = LoggerFormat.swift; sourceTree = "<group>"; };
		BB1B40971E429B6100DF4E57 /* LoggerNetwork.swift */ = {isa = PBXFileReference; fileEncoding = 4; lastKnownFileType = sourcecode.swift; path = LoggerNetwork.swift; sourceTree = "<group>"; };
		BB1B40981E429B6100DF4E57 /* LogHeadView.swift */ = {isa = PBXFileReference; fileEncoding = 4; lastKnownFileType = sourcecode.swift; path = LogHeadView.swift; sourceTree = "<group>"; };
		BB1B40991E429B6100DF4E57 /* LogLevel.swift */ = {isa = PBXFileReference; fileEncoding = 4; lastKnownFileType = sourcecode.swift; path = LogLevel.swift; sourceTree = "<group>"; };
		BB1B409A1E429B6100DF4E57 /* LogLevelFilter.swift */ = {isa = PBXFileReference; fileEncoding = 4; lastKnownFileType = sourcecode.swift; path = LogLevelFilter.swift; sourceTree = "<group>"; };
		BB1B409B1E429B6100DF4E57 /* StoreManager.swift */ = {isa = PBXFileReference; fileEncoding = 4; lastKnownFileType = sourcecode.swift; path = StoreManager.swift; sourceTree = "<group>"; };
		BB1B409C1E429B6100DF4E57 /* LogNavigationViewController.swift */ = {isa = PBXFileReference; fileEncoding = 4; lastKnownFileType = sourcecode.swift; path = LogNavigationViewController.swift; sourceTree = "<group>"; };
		BB1B409D1E429B6100DF4E57 /* LogNetworkTableViewCell.swift */ = {isa = PBXFileReference; fileEncoding = 4; lastKnownFileType = sourcecode.swift; path = LogNetworkTableViewCell.swift; sourceTree = "<group>"; };
		BB1B409E1E429B6100DF4E57 /* LogNetworkTableViewCell.xib */ = {isa = PBXFileReference; fileEncoding = 4; lastKnownFileType = file.xib; path = LogNetworkTableViewCell.xib; sourceTree = "<group>"; };
		BB1B409F1E429B6100DF4E57 /* LogNotification.swift */ = {isa = PBXFileReference; fileEncoding = 4; lastKnownFileType = sourcecode.swift; path = LogNotification.swift; sourceTree = "<group>"; };
		BB1B40A01E429B6100DF4E57 /* LogProtocol.swift */ = {isa = PBXFileReference; fileEncoding = 4; lastKnownFileType = sourcecode.swift; path = LogProtocol.swift; sourceTree = "<group>"; };
		BB1B40A11E429B6100DF4E57 /* LogRequest.swift */ = {isa = PBXFileReference; fileEncoding = 4; lastKnownFileType = sourcecode.swift; path = LogRequest.swift; sourceTree = "<group>"; };
		BB1B40A21E429B6200DF4E57 /* LogResponseBodyViewModel.swift */ = {isa = PBXFileReference; fileEncoding = 4; lastKnownFileType = sourcecode.swift; path = LogResponseBodyViewModel.swift; sourceTree = "<group>"; };
		BB1B40A31E429B6200DF4E57 /* LogsSettings.swift */ = {isa = PBXFileReference; fileEncoding = 4; lastKnownFileType = sourcecode.swift; path = LogsSettings.swift; sourceTree = "<group>"; };
		BB1B40A41E429B6200DF4E57 /* LogTabBarViewController.swift */ = {isa = PBXFileReference; fileEncoding = 4; lastKnownFileType = sourcecode.swift; path = LogTabBarViewController.swift; sourceTree = "<group>"; };
		BB1B40A51E429B6200DF4E57 /* LogTableViewCell.swift */ = {isa = PBXFileReference; fileEncoding = 4; lastKnownFileType = sourcecode.swift; path = LogTableViewCell.swift; sourceTree = "<group>"; };
		BB1B40A61E429B6200DF4E57 /* LogTableViewCell.xib */ = {isa = PBXFileReference; fileEncoding = 4; lastKnownFileType = file.xib; path = LogTableViewCell.xib; sourceTree = "<group>"; };
		BB1B40A71E429B6200DF4E57 /* LogViewNotification.swift */ = {isa = PBXFileReference; fileEncoding = 4; lastKnownFileType = sourcecode.swift; path = LogViewNotification.swift; sourceTree = "<group>"; };
		BB1B40A81E429B6200DF4E57 /* Manager.storyboard */ = {isa = PBXFileReference; fileEncoding = 4; lastKnownFileType = file.storyboard; path = Manager.storyboard; sourceTree = "<group>"; };
		BB1B40A91E429B6200DF4E57 /* DotzuManager.swift */ = {isa = PBXFileReference; fileEncoding = 4; lastKnownFileType = sourcecode.swift; path = DotzuManager.swift; sourceTree = "<group>"; };
		BB1B40AA1E429B6200DF4E57 /* ManagerListLogState.swift */ = {isa = PBXFileReference; fileEncoding = 4; lastKnownFileType = sourcecode.swift; path = ManagerListLogState.swift; sourceTree = "<group>"; };
		BB1B40AB1E429B6200DF4E57 /* ManagerListLogViewController.swift */ = {isa = PBXFileReference; fileEncoding = 4; lastKnownFileType = sourcecode.swift; path = ManagerListLogViewController.swift; sourceTree = "<group>"; };
		BB1B40AC1E429B6200DF4E57 /* ManagerViewController.swift */ = {isa = PBXFileReference; fileEncoding = 4; lastKnownFileType = sourcecode.swift; path = ManagerViewController.swift; sourceTree = "<group>"; };
		BB1B40AD1E429B6200DF4E57 /* ManagerWindow.swift */ = {isa = PBXFileReference; fileEncoding = 4; lastKnownFileType = sourcecode.swift; path = ManagerWindow.swift; sourceTree = "<group>"; };
		BB1B40AF1E429B6200DF4E57 /* NotificationCenter.swift */ = {isa = PBXFileReference; fileEncoding = 4; lastKnownFileType = sourcecode.swift; path = NotificationCenter.swift; sourceTree = "<group>"; };
		BB1B40B01E429B6200DF4E57 /* RequestErrorTableViewCell.swift */ = {isa = PBXFileReference; fileEncoding = 4; lastKnownFileType = sourcecode.swift; path = RequestErrorTableViewCell.swift; sourceTree = "<group>"; };
		BB1B40B11E429B6200DF4E57 /* RequestErrorTableViewCell.xib */ = {isa = PBXFileReference; fileEncoding = 4; lastKnownFileType = file.xib; path = RequestErrorTableViewCell.xib; sourceTree = "<group>"; };
		BB1B40B21E429B6200DF4E57 /* RequestHeadersTableViewCell.swift */ = {isa = PBXFileReference; fileEncoding = 4; lastKnownFileType = sourcecode.swift; path = RequestHeadersTableViewCell.swift; sourceTree = "<group>"; };
		BB1B40B31E429B6200DF4E57 /* RequestHeadersTableViewCell.xib */ = {isa = PBXFileReference; fileEncoding = 4; lastKnownFileType = file.xib; path = RequestHeadersTableViewCell.xib; sourceTree = "<group>"; };
		BB1B40B41E429B6200DF4E57 /* ResponseDataTableViewCell.swift */ = {isa = PBXFileReference; fileEncoding = 4; lastKnownFileType = sourcecode.swift; path = ResponseDataTableViewCell.swift; sourceTree = "<group>"; };
		BB1B40B51E429B6200DF4E57 /* ResponseDataTableViewCell.xib */ = {isa = PBXFileReference; fileEncoding = 4; lastKnownFileType = file.xib; path = ResponseDataTableViewCell.xib; sourceTree = "<group>"; };
		BB1B40B61E429B6200DF4E57 /* SettingsTableViewController.swift */ = {isa = PBXFileReference; fileEncoding = 4; lastKnownFileType = sourcecode.swift; path = SettingsTableViewController.swift; sourceTree = "<group>"; };
		BB1B40B71E429B6200DF4E57 /* UITableViewCellExtensions.swift */ = {isa = PBXFileReference; fileEncoding = 4; lastKnownFileType = sourcecode.swift; path = UITableViewCellExtensions.swift; sourceTree = "<group>"; };
		BB1B40B81E429B6200DF4E57 /* UITableViewExtensions.swift */ = {isa = PBXFileReference; fileEncoding = 4; lastKnownFileType = sourcecode.swift; path = UITableViewExtensions.swift; sourceTree = "<group>"; };
		BB1B40B91E429B6200DF4E57 /* UserDefaultsExtensions.swift */ = {isa = PBXFileReference; fileEncoding = 4; lastKnownFileType = sourcecode.swift; path = UserDefaultsExtensions.swift; sourceTree = "<group>"; };
		BB1B41241E429E8600DF4E57 /* Logs.storyboard */ = {isa = PBXFileReference; fileEncoding = 4; lastKnownFileType = file.storyboard; path = Logs.storyboard; sourceTree = "<group>"; };
		BB1B41261E429F2000DF4E57 /* Application.storyboard */ = {isa = PBXFileReference; fileEncoding = 4; lastKnownFileType = file.storyboard; path = Application.storyboard; sourceTree = "<group>"; };
		BB1B41281E429F4E00DF4E57 /* Settings.storyboard */ = {isa = PBXFileReference; fileEncoding = 4; lastKnownFileType = file.storyboard; path = Settings.storyboard; sourceTree = "<group>"; };
		BB20406F1E4E5A9E0022E8D6 /* RequestDataHttpBodyTableViewCell.swift */ = {isa = PBXFileReference; fileEncoding = 4; lastKnownFileType = sourcecode.swift; path = RequestDataHttpBodyTableViewCell.swift; sourceTree = "<group>"; };
		BB2040701E4E5A9E0022E8D6 /* RequestDataHttpBodyTableViewCell.xib */ = {isa = PBXFileReference; fileEncoding = 4; lastKnownFileType = file.xib; path = RequestDataHttpBodyTableViewCell.xib; sourceTree = "<group>"; };
		BB67A0AC1E4B2914008EABE9 /* RequestLatencyTableViewCell.swift */ = {isa = PBXFileReference; fileEncoding = 4; lastKnownFileType = sourcecode.swift; path = RequestLatencyTableViewCell.swift; sourceTree = "<group>"; };
		BB67A0AD1E4B2914008EABE9 /* RequestLatencyTableViewCell.xib */ = {isa = PBXFileReference; fileEncoding = 4; lastKnownFileType = file.xib; path = RequestLatencyTableViewCell.xib; sourceTree = "<group>"; };
/* End PBXFileReference section */

/* Begin PBXFrameworksBuildPhase section */
		BB1B405D1E428B8300DF4E57 /* Frameworks */ = {
			isa = PBXFrameworksBuildPhase;
			buildActionMask = 2147483647;
			files = (
			);
			runOnlyForDeploymentPostprocessing = 0;
		};
		BB1B40671E428B8300DF4E57 /* Frameworks */ = {
			isa = PBXFrameworksBuildPhase;
			buildActionMask = 2147483647;
			files = (
				BB1B406B1E428B8300DF4E57 /* Dotzu.framework in Frameworks */,
			);
			runOnlyForDeploymentPostprocessing = 0;
		};
/* End PBXFrameworksBuildPhase section */

/* Begin PBXGroup section */
		BB1B40571E428B8300DF4E57 = {
			isa = PBXGroup;
			children = (
				BB1B40631E428B8300DF4E57 /* Dotzu */,
				BB1B406E1E428B8300DF4E57 /* DotzuTests */,
				BB1B40621E428B8300DF4E57 /* Products */,
			);
			sourceTree = "<group>";
		};
		BB1B40621E428B8300DF4E57 /* Products */ = {
			isa = PBXGroup;
			children = (
				BB1B40611E428B8300DF4E57 /* Dotzu.framework */,
				BB1B406A1E428B8300DF4E57 /* DotzuTests.xctest */,
			);
			name = Products;
			sourceTree = "<group>";
		};
		BB1B40631E428B8300DF4E57 /* Dotzu */ = {
			isa = PBXGroup;
			children = (
				BB1B413E1E43728C00DF4E57 /* ViewModels */,
				BB1B413D1E43723400DF4E57 /* ManagerWindow */,
				BB1B413C1E43721200DF4E57 /* Utils */,
				BB1B413B1E4371FE00DF4E57 /* Logger */,
				BB1B413A1E4371C300DF4E57 /* Models */,
				BB1B41391E43718400DF4E57 /* Extensions */,
				BB1B41381E4370B600DF4E57 /* Protocols */,
				BB1B41371E43709C00DF4E57 /* ViewControllers */,
				BB1B41361E43703600DF4E57 /* Views */,
				BB1B413F1E4372A300DF4E57 /* Ressources */,
				BB1B41231E429E6900DF4E57 /* Storyboards */,
			);
			path = Dotzu;
			sourceTree = "<group>";
		};
		BB1B406E1E428B8300DF4E57 /* DotzuTests */ = {
			isa = PBXGroup;
			children = (
				BB1B406F1E428B8300DF4E57 /* DotzuTests.swift */,
				BB1B40711E428B8300DF4E57 /* Info.plist */,
			);
			path = DotzuTests;
			sourceTree = "<group>";
		};
		BB1B41231E429E6900DF4E57 /* Storyboards */ = {
			isa = PBXGroup;
			children = (
				BB1B40A81E429B6200DF4E57 /* Manager.storyboard */,
				BB1B41241E429E8600DF4E57 /* Logs.storyboard */,
				BB1B41261E429F2000DF4E57 /* Application.storyboard */,
				BB1B41281E429F4E00DF4E57 /* Settings.storyboard */,
			);
			name = Storyboards;
			sourceTree = "<group>";
		};
		BB1B41361E43703600DF4E57 /* Views */ = {
			isa = PBXGroup;
			children = (
				BB1B40B41E429B6200DF4E57 /* ResponseDataTableViewCell.swift */,
				BB1B40B51E429B6200DF4E57 /* ResponseDataTableViewCell.xib */,
				BB1B40B21E429B6200DF4E57 /* RequestHeadersTableViewCell.swift */,
				BB1B40B31E429B6200DF4E57 /* RequestHeadersTableViewCell.xib */,
				BB1B40B01E429B6200DF4E57 /* RequestErrorTableViewCell.swift */,
				BB1B40B11E429B6200DF4E57 /* RequestErrorTableViewCell.xib */,
				BB1B408F1E429B6100DF4E57 /* LogBadgeView.swift */,
				BB1B409D1E429B6100DF4E57 /* LogNetworkTableViewCell.swift */,
				BB1B409E1E429B6100DF4E57 /* LogNetworkTableViewCell.xib */,
				BB1B40A51E429B6200DF4E57 /* LogTableViewCell.swift */,
				BB1B40A61E429B6200DF4E57 /* LogTableViewCell.xib */,
				BB1B40981E429B6100DF4E57 /* LogHeadView.swift */,
				BB1B40811E429B6100DF4E57 /* CrashListTableViewCell.swift */,
				BB1B40821E429B6100DF4E57 /* CrashListTableViewCell.xib */,
				BB67A0AC1E4B2914008EABE9 /* RequestLatencyTableViewCell.swift */,
				BB67A0AD1E4B2914008EABE9 /* RequestLatencyTableViewCell.xib */,
				BB20406F1E4E5A9E0022E8D6 /* RequestDataHttpBodyTableViewCell.swift */,
				BB2040701E4E5A9E0022E8D6 /* RequestDataHttpBodyTableViewCell.xib */,
			);
			name = Views;
			sourceTree = "<group>";
		};
		BB1B41371E43709C00DF4E57 /* ViewControllers */ = {
			isa = PBXGroup;
			children = (
				BB1B40AB1E429B6200DF4E57 /* ManagerListLogViewController.swift */,
				BB1B40B61E429B6200DF4E57 /* SettingsTableViewController.swift */,
				BB1B40AC1E429B6200DF4E57 /* ManagerViewController.swift */,
				BB1B409C1E429B6100DF4E57 /* LogNavigationViewController.swift */,
				BB1B40A41E429B6200DF4E57 /* LogTabBarViewController.swift */,
				BB1B40801E429B6100DF4E57 /* ContainerFilterViewController.swift */,
				BB1B40831E429B6100DF4E57 /* DetailCrashTableViewController.swift */,
				BB1B40841E429B6100DF4E57 /* DetailRequestViewController.swift */,
				BB1B40851E429B6100DF4E57 /* DetailResponseBodyViewController.swift */,
				BB1B40881E429B6100DF4E57 /* FilterLogTableViewController.swift */,
				BB1B40891E429B6100DF4E57 /* FilterNetworkTableViewController.swift */,
				BB1B408A1E429B6100DF4E57 /* FilterViewControllerProtocol.swift */,
				BB1B408B1E429B6100DF4E57 /* InformationsTableViewController.swift */,
				BB1B408C1E429B6100DF4E57 /* ListCrashesViewController.swift */,
			);
			name = ViewControllers;
			sourceTree = "<group>";
		};
		BB1B41381E4370B600DF4E57 /* Protocols */ = {
			isa = PBXGroup;
			children = (
				BB1B40A01E429B6100DF4E57 /* LogProtocol.swift */,
				BB1B40901E429B6100DF4E57 /* LogCellProtocol.swift */,
			);
			name = Protocols;
			sourceTree = "<group>";
		};
		BB1B41391E43718400DF4E57 /* Extensions */ = {
			isa = PBXGroup;
			children = (
				BB1B40B71E429B6200DF4E57 /* UITableViewCellExtensions.swift */,
				BB1B40B81E429B6200DF4E57 /* UITableViewExtensions.swift */,
				BB1B40B91E429B6200DF4E57 /* UserDefaultsExtensions.swift */,
			);
			name = Extensions;
			sourceTree = "<group>";
		};
		BB1B413A1E4371C300DF4E57 /* Models */ = {
			isa = PBXGroup;
			children = (
				BB1B40AA1E429B6200DF4E57 /* ManagerListLogState.swift */,
				BB1B407D1E429B6100DF4E57 /* ApplicationInformation.swift */,
				BB1B409A1E429B6100DF4E57 /* LogLevelFilter.swift */,
				BB1B40A71E429B6200DF4E57 /* LogViewNotification.swift */,
				BB1B407F1E429B6100DF4E57 /* Color.swift */,
				BB1B40861E429B6100DF4E57 /* Device.swift */,
				BB1B40871E429B6100DF4E57 /* DeviceModel.swift */,
				BB1B40991E429B6100DF4E57 /* LogLevel.swift */,
				BB1B408E1E429B6100DF4E57 /* Log.swift */,
				BB1B40911E429B6100DF4E57 /* LogCode.swift */,
				BB1B40921E429B6100DF4E57 /* LogCodeFilter.swift */,
				BB1B40931E429B6100DF4E57 /* LogCrash.swift */,
				BB1B409F1E429B6100DF4E57 /* LogNotification.swift */,
				BB1B40A11E429B6100DF4E57 /* LogRequest.swift */,
				BB1B40A31E429B6200DF4E57 /* LogsSettings.swift */,
			);
			name = Models;
			sourceTree = "<group>";
		};
		BB1B413B1E4371FE00DF4E57 /* Logger */ = {
			isa = PBXGroup;
			children = (
				BB1B40941E429B6100DF4E57 /* Logger.swift */,
				BB1B40951E429B6100DF4E57 /* LoggerCrash.swift */,
				BB1B40961E429B6100DF4E57 /* LoggerFormat.swift */,
				BB1B40971E429B6100DF4E57 /* LoggerNetwork.swift */,
			);
			name = Logger;
			sourceTree = "<group>";
		};
		BB1B413C1E43721200DF4E57 /* Utils */ = {
			isa = PBXGroup;
			children = (
				BB1B409B1E429B6100DF4E57 /* StoreManager.swift */,
				BB1B40AF1E429B6200DF4E57 /* NotificationCenter.swift */,
			);
			name = Utils;
			sourceTree = "<group>";
		};
		BB1B413D1E43723400DF4E57 /* ManagerWindow */ = {
			isa = PBXGroup;
			children = (
				BB1B40AD1E429B6200DF4E57 /* ManagerWindow.swift */,
				BB1B40A91E429B6200DF4E57 /* DotzuManager.swift */,
			);
			name = ManagerWindow;
			sourceTree = "<group>";
		};
		BB1B413E1E43728C00DF4E57 /* ViewModels */ = {
			isa = PBXGroup;
			children = (
				BB1B408D1E429B6100DF4E57 /* ListLogViewModel.swift */,
				BB1B40A21E429B6200DF4E57 /* LogResponseBodyViewModel.swift */,
			);
			name = ViewModels;
			sourceTree = "<group>";
		};
		BB1B413F1E4372A300DF4E57 /* Ressources */ = {
			isa = PBXGroup;
			children = (
				BB1B407E1E429B6100DF4E57 /* Assets.xcassets */,
				BB1B40641E428B8300DF4E57 /* Dotzu.h */,
				BB1B40651E428B8300DF4E57 /* Info.plist */,
			);
			name = Ressources;
			sourceTree = "<group>";
		};
/* End PBXGroup section */

/* Begin PBXHeadersBuildPhase section */
		BB1B405E1E428B8300DF4E57 /* Headers */ = {
			isa = PBXHeadersBuildPhase;
			buildActionMask = 2147483647;
			files = (
				BB1B40721E428B8300DF4E57 /* Dotzu.h in Headers */,
			);
			runOnlyForDeploymentPostprocessing = 0;
		};
/* End PBXHeadersBuildPhase section */

/* Begin PBXNativeTarget section */
		BB1B40601E428B8300DF4E57 /* Dotzu */ = {
			isa = PBXNativeTarget;
			buildConfigurationList = BB1B40751E428B8300DF4E57 /* Build configuration list for PBXNativeTarget "Dotzu" */;
			buildPhases = (
				BB1B405C1E428B8300DF4E57 /* Sources */,
				BB1B405D1E428B8300DF4E57 /* Frameworks */,
				BB1B405E1E428B8300DF4E57 /* Headers */,
				BB1B405F1E428B8300DF4E57 /* Resources */,
			);
			buildRules = (
			);
			dependencies = (
			);
			name = Dotzu;
			productName = Dotzu;
			productReference = BB1B40611E428B8300DF4E57 /* Dotzu.framework */;
			productType = "com.apple.product-type.framework";
		};
		BB1B40691E428B8300DF4E57 /* DotzuTests */ = {
			isa = PBXNativeTarget;
			buildConfigurationList = BB1B40781E428B8300DF4E57 /* Build configuration list for PBXNativeTarget "DotzuTests" */;
			buildPhases = (
				BB1B40661E428B8300DF4E57 /* Sources */,
				BB1B40671E428B8300DF4E57 /* Frameworks */,
				BB1B40681E428B8300DF4E57 /* Resources */,
			);
			buildRules = (
			);
			dependencies = (
				BB1B406D1E428B8300DF4E57 /* PBXTargetDependency */,
			);
			name = DotzuTests;
			productName = DotzuTests;
			productReference = BB1B406A1E428B8300DF4E57 /* DotzuTests.xctest */;
			productType = "com.apple.product-type.bundle.unit-test";
		};
/* End PBXNativeTarget section */

/* Begin PBXProject section */
		BB1B40581E428B8300DF4E57 /* Project object */ = {
			isa = PBXProject;
			attributes = {
				KnownAssetTags = (
					New,
				);
				LastSwiftUpdateCheck = 0820;
				LastUpgradeCheck = 0820;
				ORGANIZATIONNAME = "Remi Robert";
				TargetAttributes = {
					BB1B40601E428B8300DF4E57 = {
						CreatedOnToolsVersion = 8.2;
						DevelopmentTeam = 44Q2J6374R;
						LastSwiftMigration = 0820;
						ProvisioningStyle = Automatic;
					};
					BB1B40691E428B8300DF4E57 = {
						CreatedOnToolsVersion = 8.2;
						DevelopmentTeam = 44Q2J6374R;
						ProvisioningStyle = Automatic;
					};
				};
			};
			buildConfigurationList = BB1B405B1E428B8300DF4E57 /* Build configuration list for PBXProject "Dotzu" */;
			compatibilityVersion = "Xcode 3.2";
			developmentRegion = English;
			hasScannedForEncodings = 0;
			knownRegions = (
				en,
				Base,
			);
			mainGroup = BB1B40571E428B8300DF4E57;
			productRefGroup = BB1B40621E428B8300DF4E57 /* Products */;
			projectDirPath = "";
			projectRoot = "";
			targets = (
				BB1B40601E428B8300DF4E57 /* Dotzu */,
				BB1B40691E428B8300DF4E57 /* DotzuTests */,
			);
		};
/* End PBXProject section */

/* Begin PBXResourcesBuildPhase section */
		BB1B405F1E428B8300DF4E57 /* Resources */ = {
			isa = PBXResourcesBuildPhase;
			buildActionMask = 2147483647;
			files = (
				BB67A0AF1E4B2914008EABE9 /* RequestLatencyTableViewCell.xib in Resources */,
				BB1B40BB1E429B6200DF4E57 /* Assets.xcassets in Resources */,
				BB1B40DB1E429B6200DF4E57 /* LogNetworkTableViewCell.xib in Resources */,
				BB1B41291E429F4E00DF4E57 /* Settings.storyboard in Resources */,
				BB1B41251E429E8600DF4E57 /* Logs.storyboard in Resources */,
				BB1B40F21E429B6200DF4E57 /* ResponseDataTableViewCell.xib in Resources */,
				BB1B40F01E429B6200DF4E57 /* RequestHeadersTableViewCell.xib in Resources */,
				BB1B40E31E429B6200DF4E57 /* LogTableViewCell.xib in Resources */,
				BB1B40BF1E429B6200DF4E57 /* CrashListTableViewCell.xib in Resources */,
				BB2040721E4E5A9E0022E8D6 /* RequestDataHttpBodyTableViewCell.xib in Resources */,
				BB1B41271E429F2000DF4E57 /* Application.storyboard in Resources */,
				BB1B40EE1E429B6200DF4E57 /* RequestErrorTableViewCell.xib in Resources */,
				BB1B40E51E429B6200DF4E57 /* Manager.storyboard in Resources */,
			);
			runOnlyForDeploymentPostprocessing = 0;
		};
		BB1B40681E428B8300DF4E57 /* Resources */ = {
			isa = PBXResourcesBuildPhase;
			buildActionMask = 2147483647;
			files = (
			);
			runOnlyForDeploymentPostprocessing = 0;
		};
/* End PBXResourcesBuildPhase section */

/* Begin PBXSourcesBuildPhase section */
		BB1B405C1E428B8300DF4E57 /* Sources */ = {
			isa = PBXSourcesBuildPhase;
			buildActionMask = 2147483647;
			files = (
				BB1B40BD1E429B6200DF4E57 /* ContainerFilterViewController.swift in Sources */,
				BB1B40EA1E429B6200DF4E57 /* ManagerWindow.swift in Sources */,
				BB1B40D11E429B6200DF4E57 /* Logger.swift in Sources */,
				BB1B40F51E429B6200DF4E57 /* UITableViewExtensions.swift in Sources */,
				BB1B40E41E429B6200DF4E57 /* LogViewNotification.swift in Sources */,
				BB1B40DE1E429B6200DF4E57 /* LogRequest.swift in Sources */,
				BB1B40BA1E429B6200DF4E57 /* ApplicationInformation.swift in Sources */,
				BB1B40DA1E429B6200DF4E57 /* LogNetworkTableViewCell.swift in Sources */,
				BB1B40ED1E429B6200DF4E57 /* RequestErrorTableViewCell.swift in Sources */,
				BB1B40D01E429B6200DF4E57 /* LogCrash.swift in Sources */,
				BB1B40C01E429B6200DF4E57 /* DetailCrashTableViewController.swift in Sources */,
				BB1B40F41E429B6200DF4E57 /* UITableViewCellExtensions.swift in Sources */,
				BB1B40E71E429B6200DF4E57 /* ManagerListLogState.swift in Sources */,
				BB1B40E11E429B6200DF4E57 /* LogTabBarViewController.swift in Sources */,
				BB1B40CE1E429B6200DF4E57 /* LogCode.swift in Sources */,
				BB1B40D21E429B6200DF4E57 /* LoggerCrash.swift in Sources */,
				BB1B40BC1E429B6200DF4E57 /* Color.swift in Sources */,
				BB1B40BE1E429B6200DF4E57 /* CrashListTableViewCell.swift in Sources */,
				BB1B40C41E429B6200DF4E57 /* DeviceModel.swift in Sources */,
				BB1B40E81E429B6200DF4E57 /* ManagerListLogViewController.swift in Sources */,
				BB1B40CB1E429B6200DF4E57 /* Log.swift in Sources */,
				BB1B40F11E429B6200DF4E57 /* ResponseDataTableViewCell.swift in Sources */,
				BB1B40CA1E429B6200DF4E57 /* ListLogViewModel.swift in Sources */,
				BB1B40C81E429B6200DF4E57 /* InformationsTableViewController.swift in Sources */,
				BB1B40D41E429B6200DF4E57 /* LoggerNetwork.swift in Sources */,
				BB1B40CC1E429B6200DF4E57 /* LogBadgeView.swift in Sources */,
				BB1B40E61E429B6200DF4E57 /* DotzuManager.swift in Sources */,
				BB1B40DD1E429B6200DF4E57 /* LogProtocol.swift in Sources */,
				BB1B40E91E429B6200DF4E57 /* ManagerViewController.swift in Sources */,
				BB1B40C61E429B6200DF4E57 /* FilterNetworkTableViewController.swift in Sources */,
				BB1B40E21E429B6200DF4E57 /* LogTableViewCell.swift in Sources */,
				BB1B40D61E429B6200DF4E57 /* LogLevel.swift in Sources */,
				BB1B40D81E429B6200DF4E57 /* StoreManager.swift in Sources */,
				BB2040711E4E5A9E0022E8D6 /* RequestDataHttpBodyTableViewCell.swift in Sources */,
				BB1B40C91E429B6200DF4E57 /* ListCrashesViewController.swift in Sources */,
				BB1B40DF1E429B6200DF4E57 /* LogResponseBodyViewModel.swift in Sources */,
				BB1B40C51E429B6200DF4E57 /* FilterLogTableViewController.swift in Sources */,
				BB1B40D71E429B6200DF4E57 /* LogLevelFilter.swift in Sources */,
				BB1B40F31E429B6200DF4E57 /* SettingsTableViewController.swift in Sources */,
				BB1B40C71E429B6200DF4E57 /* FilterViewControllerProtocol.swift in Sources */,
				BB1B40CD1E429B6200DF4E57 /* LogCellProtocol.swift in Sources */,
				BB1B40C21E429B6200DF4E57 /* DetailResponseBodyViewController.swift in Sources */,
				BB67A0AE1E4B2914008EABE9 /* RequestLatencyTableViewCell.swift in Sources */,
				BB1B40DC1E429B6200DF4E57 /* LogNotification.swift in Sources */,
				BB1B40D51E429B6200DF4E57 /* LogHeadView.swift in Sources */,
				BB1B40CF1E429B6200DF4E57 /* LogCodeFilter.swift in Sources */,
				BB1B40C11E429B6200DF4E57 /* DetailRequestViewController.swift in Sources */,
				BB1B40D31E429B6200DF4E57 /* LoggerFormat.swift in Sources */,
				BB1B40C31E429B6200DF4E57 /* Device.swift in Sources */,
				BB1B40EF1E429B6200DF4E57 /* RequestHeadersTableViewCell.swift in Sources */,
				BB1B40EC1E429B6200DF4E57 /* NotificationCenter.swift in Sources */,
				BB1B40D91E429B6200DF4E57 /* LogNavigationViewController.swift in Sources */,
				BB1B40F61E429B6200DF4E57 /* UserDefaultsExtensions.swift in Sources */,
				BB1B40E01E429B6200DF4E57 /* LogsSettings.swift in Sources */,
			);
			runOnlyForDeploymentPostprocessing = 0;
		};
		BB1B40661E428B8300DF4E57 /* Sources */ = {
			isa = PBXSourcesBuildPhase;
			buildActionMask = 2147483647;
			files = (
				BB1B40701E428B8300DF4E57 /* DotzuTests.swift in Sources */,
			);
			runOnlyForDeploymentPostprocessing = 0;
		};
/* End PBXSourcesBuildPhase section */

/* Begin PBXTargetDependency section */
		BB1B406D1E428B8300DF4E57 /* PBXTargetDependency */ = {
			isa = PBXTargetDependency;
			target = BB1B40601E428B8300DF4E57 /* Dotzu */;
			targetProxy = BB1B406C1E428B8300DF4E57 /* PBXContainerItemProxy */;
		};
/* End PBXTargetDependency section */

/* Begin XCBuildConfiguration section */
		BB1B40731E428B8300DF4E57 /* Debug */ = {
			isa = XCBuildConfiguration;
			buildSettings = {
				ALWAYS_SEARCH_USER_PATHS = NO;
				CLANG_ANALYZER_NONNULL = YES;
				CLANG_CXX_LANGUAGE_STANDARD = "gnu++0x";
				CLANG_CXX_LIBRARY = "libc++";
				CLANG_ENABLE_MODULES = YES;
				CLANG_ENABLE_OBJC_ARC = YES;
				CLANG_WARN_BOOL_CONVERSION = YES;
				CLANG_WARN_CONSTANT_CONVERSION = YES;
				CLANG_WARN_DIRECT_OBJC_ISA_USAGE = YES_ERROR;
				CLANG_WARN_DOCUMENTATION_COMMENTS = YES;
				CLANG_WARN_EMPTY_BODY = YES;
				CLANG_WARN_ENUM_CONVERSION = YES;
				CLANG_WARN_INFINITE_RECURSION = YES;
				CLANG_WARN_INT_CONVERSION = YES;
				CLANG_WARN_OBJC_ROOT_CLASS = YES_ERROR;
				CLANG_WARN_SUSPICIOUS_MOVE = YES;
				CLANG_WARN_UNREACHABLE_CODE = YES;
				CLANG_WARN__DUPLICATE_METHOD_MATCH = YES;
				"CODE_SIGN_IDENTITY[sdk=iphoneos*]" = "iPhone Developer";
				COPY_PHASE_STRIP = NO;
				CURRENT_PROJECT_VERSION = 1;
				DEBUG_INFORMATION_FORMAT = dwarf;
				ENABLE_STRICT_OBJC_MSGSEND = YES;
				ENABLE_TESTABILITY = YES;
				GCC_C_LANGUAGE_STANDARD = gnu99;
				GCC_DYNAMIC_NO_PIC = NO;
				GCC_NO_COMMON_BLOCKS = YES;
				GCC_OPTIMIZATION_LEVEL = 0;
				GCC_PREPROCESSOR_DEFINITIONS = (
					"DEBUG=1",
					"$(inherited)",
				);
				GCC_WARN_64_TO_32_BIT_CONVERSION = YES;
				GCC_WARN_ABOUT_RETURN_TYPE = YES_ERROR;
				GCC_WARN_UNDECLARED_SELECTOR = YES;
				GCC_WARN_UNINITIALIZED_AUTOS = YES_AGGRESSIVE;
				GCC_WARN_UNUSED_FUNCTION = YES;
				GCC_WARN_UNUSED_VARIABLE = YES;
				IPHONEOS_DEPLOYMENT_TARGET = 10.2;
				MTL_ENABLE_DEBUG_INFO = YES;
				ONLY_ACTIVE_ARCH = YES;
				SDKROOT = iphoneos;
				SWIFT_ACTIVE_COMPILATION_CONDITIONS = DEBUG;
				SWIFT_OPTIMIZATION_LEVEL = "-Onone";
				TARGETED_DEVICE_FAMILY = "1,2";
				VERSIONING_SYSTEM = "apple-generic";
				VERSION_INFO_PREFIX = "";
			};
			name = Debug;
		};
		BB1B40741E428B8300DF4E57 /* Release */ = {
			isa = XCBuildConfiguration;
			buildSettings = {
				ALWAYS_SEARCH_USER_PATHS = NO;
				CLANG_ANALYZER_NONNULL = YES;
				CLANG_CXX_LANGUAGE_STANDARD = "gnu++0x";
				CLANG_CXX_LIBRARY = "libc++";
				CLANG_ENABLE_MODULES = YES;
				CLANG_ENABLE_OBJC_ARC = YES;
				CLANG_WARN_BOOL_CONVERSION = YES;
				CLANG_WARN_CONSTANT_CONVERSION = YES;
				CLANG_WARN_DIRECT_OBJC_ISA_USAGE = YES_ERROR;
				CLANG_WARN_DOCUMENTATION_COMMENTS = YES;
				CLANG_WARN_EMPTY_BODY = YES;
				CLANG_WARN_ENUM_CONVERSION = YES;
				CLANG_WARN_INFINITE_RECURSION = YES;
				CLANG_WARN_INT_CONVERSION = YES;
				CLANG_WARN_OBJC_ROOT_CLASS = YES_ERROR;
				CLANG_WARN_SUSPICIOUS_MOVE = YES;
				CLANG_WARN_UNREACHABLE_CODE = YES;
				CLANG_WARN__DUPLICATE_METHOD_MATCH = YES;
				"CODE_SIGN_IDENTITY[sdk=iphoneos*]" = "iPhone Developer";
				COPY_PHASE_STRIP = NO;
				CURRENT_PROJECT_VERSION = 1;
				DEBUG_INFORMATION_FORMAT = "dwarf-with-dsym";
				ENABLE_NS_ASSERTIONS = NO;
				ENABLE_STRICT_OBJC_MSGSEND = YES;
				GCC_C_LANGUAGE_STANDARD = gnu99;
				GCC_NO_COMMON_BLOCKS = YES;
				GCC_WARN_64_TO_32_BIT_CONVERSION = YES;
				GCC_WARN_ABOUT_RETURN_TYPE = YES_ERROR;
				GCC_WARN_UNDECLARED_SELECTOR = YES;
				GCC_WARN_UNINITIALIZED_AUTOS = YES_AGGRESSIVE;
				GCC_WARN_UNUSED_FUNCTION = YES;
				GCC_WARN_UNUSED_VARIABLE = YES;
				IPHONEOS_DEPLOYMENT_TARGET = 10.2;
				MTL_ENABLE_DEBUG_INFO = NO;
				SDKROOT = iphoneos;
				SWIFT_OPTIMIZATION_LEVEL = "-Owholemodule";
				TARGETED_DEVICE_FAMILY = "1,2";
				VALIDATE_PRODUCT = YES;
				VERSIONING_SYSTEM = "apple-generic";
				VERSION_INFO_PREFIX = "";
			};
			name = Release;
		};
		BB1B40761E428B8300DF4E57 /* Debug */ = {
			isa = XCBuildConfiguration;
			buildSettings = {
				CLANG_ENABLE_MODULES = YES;
				CODE_SIGN_IDENTITY = "";
				"CODE_SIGN_IDENTITY[sdk=iphoneos*]" = "iPhone Developer";
				DEFINES_MODULE = YES;
				DEVELOPMENT_TEAM = 44Q2J6374R;
				DYLIB_COMPATIBILITY_VERSION = 1;
				DYLIB_CURRENT_VERSION = 1;
				DYLIB_INSTALL_NAME_BASE = "@rpath";
				INFOPLIST_FILE = Dotzu/Info.plist;
				INSTALL_PATH = "$(LOCAL_LIBRARY_DIR)/Frameworks";
				IPHONEOS_DEPLOYMENT_TARGET = 9.0;
				LD_RUNPATH_SEARCH_PATHS = "$(inherited) @executable_path/Frameworks @loader_path/Frameworks";
				PRODUCT_BUNDLE_IDENTIFIER = remi.robert.Dotzu;
				PRODUCT_NAME = "$(TARGET_NAME)";
				SKIP_INSTALL = YES;
				SWIFT_OPTIMIZATION_LEVEL = "-Onone";
				SWIFT_VERSION = 3.0;
			};
			name = Debug;
		};
		BB1B40771E428B8300DF4E57 /* Release */ = {
			isa = XCBuildConfiguration;
			buildSettings = {
				CLANG_ENABLE_MODULES = YES;
				CODE_SIGN_IDENTITY = "";
				"CODE_SIGN_IDENTITY[sdk=iphoneos*]" = "iPhone Developer";
				DEFINES_MODULE = YES;
				DEVELOPMENT_TEAM = 44Q2J6374R;
				DYLIB_COMPATIBILITY_VERSION = 1;
				DYLIB_CURRENT_VERSION = 1;
				DYLIB_INSTALL_NAME_BASE = "@rpath";
				INFOPLIST_FILE = Dotzu/Info.plist;
				INSTALL_PATH = "$(LOCAL_LIBRARY_DIR)/Frameworks";
				IPHONEOS_DEPLOYMENT_TARGET = 9.0;
				LD_RUNPATH_SEARCH_PATHS = "$(inherited) @executable_path/Frameworks @loader_path/Frameworks";
				PRODUCT_BUNDLE_IDENTIFIER = remi.robert.Dotzu;
				PRODUCT_NAME = "$(TARGET_NAME)";
				SKIP_INSTALL = YES;
				SWIFT_VERSION = 3.0;
			};
			name = Release;
		};
		BB1B40791E428B8300DF4E57 /* Debug */ = {
			isa = XCBuildConfiguration;
			buildSettings = {
				ALWAYS_EMBED_SWIFT_STANDARD_LIBRARIES = YES;
				DEVELOPMENT_TEAM = 44Q2J6374R;
				INFOPLIST_FILE = DotzuTests/Info.plist;
				LD_RUNPATH_SEARCH_PATHS = "$(inherited) @executable_path/Frameworks @loader_path/Frameworks";
				PRODUCT_BUNDLE_IDENTIFIER = remi.robert.DotzuTests;
				PRODUCT_NAME = "$(TARGET_NAME)";
				SWIFT_VERSION = 3.0;
			};
			name = Debug;
		};
		BB1B407A1E428B8300DF4E57 /* Release */ = {
			isa = XCBuildConfiguration;
			buildSettings = {
				ALWAYS_EMBED_SWIFT_STANDARD_LIBRARIES = YES;
				DEVELOPMENT_TEAM = 44Q2J6374R;
				INFOPLIST_FILE = DotzuTests/Info.plist;
				LD_RUNPATH_SEARCH_PATHS = "$(inherited) @executable_path/Frameworks @loader_path/Frameworks";
				PRODUCT_BUNDLE_IDENTIFIER = remi.robert.DotzuTests;
				PRODUCT_NAME = "$(TARGET_NAME)";
				SWIFT_VERSION = 3.0;
			};
			name = Release;
		};
/* End XCBuildConfiguration section */

/* Begin XCConfigurationList section */
		BB1B405B1E428B8300DF4E57 /* Build configuration list for PBXProject "Dotzu" */ = {
			isa = XCConfigurationList;
			buildConfigurations = (
				BB1B40731E428B8300DF4E57 /* Debug */,
				BB1B40741E428B8300DF4E57 /* Release */,
			);
			defaultConfigurationIsVisible = 0;
			defaultConfigurationName = Release;
		};
		BB1B40751E428B8300DF4E57 /* Build configuration list for PBXNativeTarget "Dotzu" */ = {
			isa = XCConfigurationList;
			buildConfigurations = (
				BB1B40761E428B8300DF4E57 /* Debug */,
				BB1B40771E428B8300DF4E57 /* Release */,
			);
			defaultConfigurationIsVisible = 0;
			defaultConfigurationName = Release;
		};
		BB1B40781E428B8300DF4E57 /* Build configuration list for PBXNativeTarget "DotzuTests" */ = {
			isa = XCConfigurationList;
			buildConfigurations = (
				BB1B40791E428B8300DF4E57 /* Debug */,
				BB1B407A1E428B8300DF4E57 /* Release */,
			);
			defaultConfigurationIsVisible = 0;
			defaultConfigurationName = Release;
		};
/* End XCConfigurationList section */
	};
	rootObject = BB1B40581E428B8300DF4E57 /* Project object */;
}
