// !$*UTF8*$!
{
	archiveVersion = 1;
	classes = {
	};
	objectVersion = 46;
	objects = {

/* Begin PBXBuildFile section */
		BBF9FA5B1ECB9041003227BE /* AppDelegate.swift in Sources */ = {isa = PBXBuildFile; fileRef = BBF9FA5A1ECB9041003227BE /* AppDelegate.swift */; };
		BBF9FA621ECB9041003227BE /* Assets.xcassets in Resources */ = {isa = PBXBuildFile; fileRef = BBF9FA611ECB9041003227BE /* Assets.xcassets */; };
		BBF9FA651ECB9041003227BE /* LaunchScreen.storyboard in Resources */ = {isa = PBXBuildFile; fileRef = BBF9FA631ECB9041003227BE /* LaunchScreen.storyboard */; };
		BBF9FA6D1ECB9101003227BE /* Dotzu.framework in Frameworks */ = {isa = PBXBuildFile; fileRef = BBF9FA6C1ECB9101003227BE /* Dotzu.framework */; };
		BBF9FA6E1ECB9101003227BE /* Dotzu.framework in Embed Frameworks */ = {isa = PBXBuildFile; fileRef = BBF9FA6C1ECB9101003227BE /* Dotzu.framework */; settings = {ATTRIBUTES = (CodeSignOnCopy, RemoveHeadersOnCopy, ); }; };
		BBF9FA7C1ECB945C003227BE /* CrashTestTableViewController.swift in Sources */ = {isa = PBXBuildFile; fileRef = BBF9FA771ECB945C003227BE /* CrashTestTableViewController.swift */; };
		BBF9FA7D1ECB945C003227BE /* LogTestTableViewController.swift in Sources */ = {isa = PBXBuildFile; fileRef = BBF9FA781ECB945C003227BE /* LogTestTableViewController.swift */; };
		BBF9FA7E1ECB945C003227BE /* Main.storyboard in Resources */ = {isa = PBXBuildFile; fileRef = BBF9FA791ECB945C003227BE /* Main.storyboard */; };
		BBF9FA7F1ECB945C003227BE /* RequestTestTableViewController.swift in Sources */ = {isa = PBXBuildFile; fileRef = BBF9FA7A1ECB945C003227BE /* RequestTestTableViewController.swift */; };
		BBF9FA801ECB945C003227BE /* RootTableViewController.swift in Sources */ = {isa = PBXBuildFile; fileRef = BBF9FA7B1ECB945C003227BE /* RootTableViewController.swift */; };
/* End PBXBuildFile section */

/* Begin PBXCopyFilesBuildPhase section */
		BBF9FA6F1ECB9102003227BE /* Embed Frameworks */ = {
			isa = PBXCopyFilesBuildPhase;
			buildActionMask = 2147483647;
			dstPath = "";
			dstSubfolderSpec = 10;
			files = (
				BBF9FA6E1ECB9101003227BE /* Dotzu.framework in Embed Frameworks */,
			);
			name = "Embed Frameworks";
			runOnlyForDeploymentPostprocessing = 0;
		};
/* End PBXCopyFilesBuildPhase section */

/* Begin PBXFileReference section */
		BBF9FA571ECB9041003227BE /* ExampleDotzu.app */ = {isa = PBXFileReference; explicitFileType = wrapper.application; includeInIndex = 0; path = ExampleDotzu.app; sourceTree = BUILT_PRODUCTS_DIR; };
		BBF9FA5A1ECB9041003227BE /* AppDelegate.swift */ = {isa = PBXFileReference; lastKnownFileType = sourcecode.swift; path = AppDelegate.swift; sourceTree = "<group>"; };
		BBF9FA611ECB9041003227BE /* Assets.xcassets */ = {isa = PBXFileReference; lastKnownFileType = folder.assetcatalog; path = Assets.xcassets; sourceTree = "<group>"; };
		BBF9FA641ECB9041003227BE /* Base */ = {isa = PBXFileReference; lastKnownFileType = file.storyboard; name = Base; path = Base.lproj/LaunchScreen.storyboard; sourceTree = "<group>"; };
		BBF9FA661ECB9041003227BE /* Info.plist */ = {isa = PBXFileReference; lastKnownFileType = text.plist.xml; path = Info.plist; sourceTree = "<group>"; };
		BBF9FA6C1ECB9101003227BE /* Dotzu.framework */ = {isa = PBXFileReference; explicitFileType = wrapper.framework; path = Dotzu.framework; sourceTree = BUILT_PRODUCTS_DIR; };
		BBF9FA771ECB945C003227BE /* CrashTestTableViewController.swift */ = {isa = PBXFileReference; fileEncoding = 4; lastKnownFileType = sourcecode.swift; path = CrashTestTableViewController.swift; sourceTree = "<group>"; };
		BBF9FA781ECB945C003227BE /* LogTestTableViewController.swift */ = {isa = PBXFileReference; fileEncoding = 4; lastKnownFileType = sourcecode.swift; path = LogTestTableViewController.swift; sourceTree = "<group>"; };
		BBF9FA791ECB945C003227BE /* Main.storyboard */ = {isa = PBXFileReference; fileEncoding = 4; lastKnownFileType = file.storyboard; path = Main.storyboard; sourceTree = "<group>"; };
		BBF9FA7A1ECB945C003227BE /* RequestTestTableViewController.swift */ = {isa = PBXFileReference; fileEncoding = 4; lastKnownFileType = sourcecode.swift; path = RequestTestTableViewController.swift; sourceTree = "<group>"; };
		BBF9FA7B1ECB945C003227BE /* RootTableViewController.swift */ = {isa = PBXFileReference; fileEncoding = 4; lastKnownFileType = sourcecode.swift; path = RootTableViewController.swift; sourceTree = "<group>"; };
/* End PBXFileReference section */

/* Begin PBXFrameworksBuildPhase section */
		BBF9FA541ECB9041003227BE /* Frameworks */ = {
			isa = PBXFrameworksBuildPhase;
			buildActionMask = 2147483647;
			files = (
				BBF9FA6D1ECB9101003227BE /* Dotzu.framework in Frameworks */,
			);
			runOnlyForDeploymentPostprocessing = 0;
		};
/* End PBXFrameworksBuildPhase section */

/* Begin PBXGroup section */
		BBF9FA4E1ECB9041003227BE = {
			isa = PBXGroup;
			children = (
				BBF9FA6C1ECB9101003227BE /* Dotzu.framework */,
				BBF9FA591ECB9041003227BE /* ExampleDotzu */,
				BBF9FA581ECB9041003227BE /* Products */,
			);
			sourceTree = "<group>";
		};
		BBF9FA581ECB9041003227BE /* Products */ = {
			isa = PBXGroup;
			children = (
				BBF9FA571ECB9041003227BE /* ExampleDotzu.app */,
			);
			name = Products;
			sourceTree = "<group>";
		};
		BBF9FA591ECB9041003227BE /* ExampleDotzu */ = {
			isa = PBXGroup;
			children = (
				BBF9FA5A1ECB9041003227BE /* AppDelegate.swift */,
				BBF9FA771ECB945C003227BE /* CrashTestTableViewController.swift */,
				BBF9FA781ECB945C003227BE /* LogTestTableViewController.swift */,
				BBF9FA791ECB945C003227BE /* Main.storyboard */,
				BBF9FA7A1ECB945C003227BE /* RequestTestTableViewController.swift */,
				BBF9FA7B1ECB945C003227BE /* RootTableViewController.swift */,
				BBF9FA611ECB9041003227BE /* Assets.xcassets */,
				BBF9FA631ECB9041003227BE /* LaunchScreen.storyboard */,
				BBF9FA661ECB9041003227BE /* Info.plist */,
			);
			path = ExampleDotzu;
			sourceTree = "<group>";
		};
/* End PBXGroup section */

/* Begin PBXNativeTarget section */
		BBF9FA561ECB9041003227BE /* ExampleDotzu */ = {
			isa = PBXNativeTarget;
			buildConfigurationList = BBF9FA691ECB9041003227BE /* Build configuration list for PBXNativeTarget "ExampleDotzu" */;
			buildPhases = (
				BBF9FA531ECB9041003227BE /* Sources */,
				BBF9FA541ECB9041003227BE /* Frameworks */,
				BBF9FA551ECB9041003227BE /* Resources */,
				BBF9FA6F1ECB9102003227BE /* Embed Frameworks */,
			);
			buildRules = (
			);
			dependencies = (
			);
			name = ExampleDotzu;
			productName = ExampleDotzu;
			productReference = BBF9FA571ECB9041003227BE /* ExampleDotzu.app */;
			productType = "com.apple.product-type.application";
		};
/* End PBXNativeTarget section */

/* Begin PBXProject section */
		BBF9FA4F1ECB9041003227BE /* Project object */ = {
			isa = PBXProject;
			attributes = {
				LastSwiftUpdateCheck = 0830;
				LastUpgradeCheck = 0900;
				ORGANIZATIONNAME = "Remi Robert";
				TargetAttributes = {
					BBF9FA561ECB9041003227BE = {
						CreatedOnToolsVersion = 8.3.2;
						DevelopmentTeam = 44Q2J6374R;
						ProvisioningStyle = Automatic;
					};
				};
			};
			buildConfigurationList = BBF9FA521ECB9041003227BE /* Build configuration list for PBXProject "ExampleDotzu" */;
			compatibilityVersion = "Xcode 3.2";
			developmentRegion = English;
			hasScannedForEncodings = 0;
			knownRegions = (
				en,
				Base,
			);
			mainGroup = BBF9FA4E1ECB9041003227BE;
			productRefGroup = BBF9FA581ECB9041003227BE /* Products */;
			projectDirPath = "";
			projectRoot = "";
			targets = (
				BBF9FA561ECB9041003227BE /* ExampleDotzu */,
			);
		};
/* End PBXProject section */

/* Begin PBXResourcesBuildPhase section */
		BBF9FA551ECB9041003227BE /* Resources */ = {
			isa = PBXResourcesBuildPhase;
			buildActionMask = 2147483647;
			files = (
				BBF9FA7E1ECB945C003227BE /* Main.storyboard in Resources */,
				BBF9FA651ECB9041003227BE /* LaunchScreen.storyboard in Resources */,
				BBF9FA621ECB9041003227BE /* Assets.xcassets in Resources */,
			);
			runOnlyForDeploymentPostprocessing = 0;
		};
/* End PBXResourcesBuildPhase section */

/* Begin PBXSourcesBuildPhase section */
		BBF9FA531ECB9041003227BE /* Sources */ = {
			isa = PBXSourcesBuildPhase;
			buildActionMask = 2147483647;
			files = (
				BBF9FA5B1ECB9041003227BE /* AppDelegate.swift in Sources */,
				BBF9FA7C1ECB945C003227BE /* CrashTestTableViewController.swift in Sources */,
				BBF9FA801ECB945C003227BE /* RootTableViewController.swift in Sources */,
				BBF9FA7D1ECB945C003227BE /* LogTestTableViewController.swift in Sources */,
				BBF9FA7F1ECB945C003227BE /* RequestTestTableViewController.swift in Sources */,
			);
			runOnlyForDeploymentPostprocessing = 0;
		};
/* End PBXSourcesBuildPhase section */

/* Begin PBXVariantGroup section */
		BBF9FA631ECB9041003227BE /* LaunchScreen.storyboard */ = {
			isa = PBXVariantGroup;
			children = (
				BBF9FA641ECB9041003227BE /* Base */,
			);
			name = LaunchScreen.storyboard;
			sourceTree = "<group>";
		};
/* End PBXVariantGroup section */

/* Begin XCBuildConfiguration section */
		BBF9FA671ECB9041003227BE /* Debug */ = {
			isa = XCBuildConfiguration;
			buildSettings = {
				ALWAYS_SEARCH_USER_PATHS = NO;
				CLANG_ANALYZER_NONNULL = YES;
				CLANG_ANALYZER_NUMBER_OBJECT_CONVERSION = YES_AGGRESSIVE;
				CLANG_CXX_LANGUAGE_STANDARD = "gnu++0x";
				CLANG_CXX_LIBRARY = "libc++";
				CLANG_ENABLE_MODULES = YES;
				CLANG_ENABLE_OBJC_ARC = YES;
				CLANG_WARN_BLOCK_CAPTURE_AUTORELEASING = YES;
				CLANG_WARN_BOOL_CONVERSION = YES;
				CLANG_WARN_COMMA = YES;
				CLANG_WARN_CONSTANT_CONVERSION = YES;
				CLANG_WARN_DIRECT_OBJC_ISA_USAGE = YES_ERROR;
				CLANG_WARN_DOCUMENTATION_COMMENTS = YES;
				CLANG_WARN_EMPTY_BODY = YES;
				CLANG_WARN_ENUM_CONVERSION = YES;
				CLANG_WARN_INFINITE_RECURSION = YES;
				CLANG_WARN_INT_CONVERSION = YES;
				CLANG_WARN_NON_LITERAL_NULL_CONVERSION = YES;
				CLANG_WARN_OBJC_LITERAL_CONVERSION = YES;
				CLANG_WARN_OBJC_ROOT_CLASS = YES_ERROR;
				CLANG_WARN_RANGE_LOOP_ANALYSIS = YES;
				CLANG_WARN_STRICT_PROTOTYPES = YES;
				CLANG_WARN_SUSPICIOUS_MOVE = YES;
				CLANG_WARN_UNREACHABLE_CODE = YES;
				CLANG_WARN__DUPLICATE_METHOD_MATCH = YES;
				"CODE_SIGN_IDENTITY[sdk=iphoneos*]" = "iPhone Developer";
				COPY_PHASE_STRIP = NO;
				DEBUG_INFORMATION_FORMAT = dwarf;
				ENABLE_STRICT_OBJC_MSGSEND = YES;
				ENABLE_TESTABILITY = YES;
				GCC_C_LANGUAGE_STANDARD = gnu99;
				GCC_DYNAMIC_NO_PIC = NO;
				GCC_NO_COMMON_BLOCKS = YES;
				GCC_OPTIMIZATION_LEVEL = 0;
				GCC_PREPROCESSOR_DEFINITIONS = (
					"DEBUG=1",
					"$(inherited)",
				);
				GCC_WARN_64_TO_32_BIT_CONVERSION = YES;
				GCC_WARN_ABOUT_RETURN_TYPE = YES_ERROR;
				GCC_WARN_UNDECLARED_SELECTOR = YES;
				GCC_WARN_UNINITIALIZED_AUTOS = YES_AGGRESSIVE;
				GCC_WARN_UNUSED_FUNCTION = YES;
				GCC_WARN_UNUSED_VARIABLE = YES;
				IPHONEOS_DEPLOYMENT_TARGET = 10.3;
				MTL_ENABLE_DEBUG_INFO = YES;
				ONLY_ACTIVE_ARCH = YES;
				SDKROOT = iphoneos;
				SWIFT_ACTIVE_COMPILATION_CONDITIONS = DEBUG;
				SWIFT_OPTIMIZATION_LEVEL = "-Onone";
				TARGETED_DEVICE_FAMILY = "1,2";
			};
			name = Debug;
		};
		BBF9FA681ECB9041003227BE /* Release */ = {
			isa = XCBuildConfiguration;
			buildSettings = {
				ALWAYS_SEARCH_USER_PATHS = NO;
				CLANG_ANALYZER_NONNULL = YES;
				CLANG_ANALYZER_NUMBER_OBJECT_CONVERSION = YES_AGGRESSIVE;
				CLANG_CXX_LANGUAGE_STANDARD = "gnu++0x";
				CLANG_CXX_LIBRARY = "libc++";
				CLANG_ENABLE_MODULES = YES;
				CLANG_ENABLE_OBJC_ARC = YES;
				CLANG_WARN_BLOCK_CAPTURE_AUTORELEASING = YES;
				CLANG_WARN_BOOL_CONVERSION = YES;
				CLANG_WARN_COMMA = YES;
				CLANG_WARN_CONSTANT_CONVERSION = YES;
				CLANG_WARN_DIRECT_OBJC_ISA_USAGE = YES_ERROR;
				CLANG_WARN_DOCUMENTATION_COMMENTS = YES;
				CLANG_WARN_EMPTY_BODY = YES;
				CLANG_WARN_ENUM_CONVERSION = YES;
				CLANG_WARN_INFINITE_RECURSION = YES;
				CLANG_WARN_INT_CONVERSION = YES;
				CLANG_WARN_NON_LITERAL_NULL_CONVERSION = YES;
				CLANG_WARN_OBJC_LITERAL_CONVERSION = YES;
				CLANG_WARN_OBJC_ROOT_CLASS = YES_ERROR;
				CLANG_WARN_RANGE_LOOP_ANALYSIS = YES;
				CLANG_WARN_STRICT_PROTOTYPES = YES;
				CLANG_WARN_SUSPICIOUS_MOVE = YES;
				CLANG_WARN_UNREACHABLE_CODE = YES;
				CLANG_WARN__DUPLICATE_METHOD_MATCH = YES;
				"CODE_SIGN_IDENTITY[sdk=iphoneos*]" = "iPhone Developer";
				COPY_PHASE_STRIP = NO;
				DEBUG_INFORMATION_FORMAT = "dwarf-with-dsym";
				ENABLE_NS_ASSERTIONS = NO;
				ENABLE_STRICT_OBJC_MSGSEND = YES;
				GCC_C_LANGUAGE_STANDARD = gnu99;
				GCC_NO_COMMON_BLOCKS = YES;
				GCC_WARN_64_TO_32_BIT_CONVERSION = YES;
				GCC_WARN_ABOUT_RETURN_TYPE = YES_ERROR;
				GCC_WARN_UNDECLARED_SELECTOR = YES;
				GCC_WARN_UNINITIALIZED_AUTOS = YES_AGGRESSIVE;
				GCC_WARN_UNUSED_FUNCTION = YES;
				GCC_WARN_UNUSED_VARIABLE = YES;
				IPHONEOS_DEPLOYMENT_TARGET = 10.3;
				MTL_ENABLE_DEBUG_INFO = NO;
				SDKROOT = iphoneos;
				SWIFT_OPTIMIZATION_LEVEL = "-Owholemodule";
				TARGETED_DEVICE_FAMILY = "1,2";
				VALIDATE_PRODUCT = YES;
			};
			name = Release;
		};
		BBF9FA6A1ECB9041003227BE /* Debug */ = {
			isa = XCBuildConfiguration;
			buildSettings = {
				ASSETCATALOG_COMPILER_APPICON_NAME = AppIcon;
				DEVELOPMENT_TEAM = 44Q2J6374R;
				INFOPLIST_FILE = ExampleDotzu/Info.plist;
				LD_RUNPATH_SEARCH_PATHS = "$(inherited) @executable_path/Frameworks";
				PRODUCT_BUNDLE_IDENTIFIER = com.remirobert.ExampleDotzu;
				PRODUCT_NAME = "$(TARGET_NAME)";
				SWIFT_VERSION = 3.0;
			};
			name = Debug;
		};
		BBF9FA6B1ECB9041003227BE /* Release */ = {
			isa = XCBuildConfiguration;
			buildSettings = {
				ASSETCATALOG_COMPILER_APPICON_NAME = AppIcon;
				DEVELOPMENT_TEAM = 44Q2J6374R;
				INFOPLIST_FILE = ExampleDotzu/Info.plist;
				LD_RUNPATH_SEARCH_PATHS = "$(inherited) @executable_path/Frameworks";
				PRODUCT_BUNDLE_IDENTIFIER = com.remirobert.ExampleDotzu;
				PRODUCT_NAME = "$(TARGET_NAME)";
				SWIFT_VERSION = 3.0;
			};
			name = Release;
		};
/* End XCBuildConfiguration section */

/* Begin XCConfigurationList section */
		BBF9FA521ECB9041003227BE /* Build configuration list for PBXProject "ExampleDotzu" */ = {
			isa = XCConfigurationList;
			buildConfigurations = (
				BBF9FA671ECB9041003227BE /* Debug */,
				BBF9FA681ECB9041003227BE /* Release */,
			);
			defaultConfigurationIsVisible = 0;
			defaultConfigurationName = Release;
		};
		BBF9FA691ECB9041003227BE /* Build configuration list for PBXNativeTarget "ExampleDotzu" */ = {
			isa = XCConfigurationList;
			buildConfigurations = (
				BBF9FA6A1ECB9041003227BE /* Debug */,
				BBF9FA6B1ECB9041003227BE /* Release */,
			);
			defaultConfigurationIsVisible = 0;
			defaultConfigurationName = Release;
		};
/* End XCConfigurationList section */
	};
	rootObject = BBF9FA4F1ECB9041003227BE /* Project object */;
}
